# This file is generated by running "yarn install" inside your project.
# Manual changes might be lost - proceed with caution!

__metadata:
  version: 6
  cacheKey: 8

"@reproduction/library@workspace:packages/library":
  version: 0.0.0-use.local
  resolution: "@reproduction/library@workspace:packages/library"
  dependencies:
    "@reproduction/tsconfig": "workspace:^"
    get-tsconfig: ^4.7.4
  languageName: unknown
  linkType: soft

"@reproduction/tsconfig@workspace:^, @reproduction/tsconfig@workspace:packages/tsconfig":
  version: 0.0.0-use.local
  resolution: "@reproduction/tsconfig@workspace:packages/tsconfig"
  languageName: unknown
  linkType: soft

"get-tsconfig-yarn-workspaces-reproduction@workspace:.":
  version: 0.0.0-use.local
  resolution: "get-tsconfig-yarn-workspaces-reproduction@workspace:."
  languageName: unknown
  linkType: soft

"get-tsconfig@npm:^4.7.4":
  version: 4.7.4
  resolution: "get-tsconfig@npm:4.7.4"
  dependencies:
    resolve-pkg-maps: ^1.0.0
  checksum: d6519a1b20d1bc2811d3dc1e3bef08e96e83d31f10f27c9c5a3a7ed8913698c7c01cfae9c34aff9f1348687a0ec48d9d19b668c091f7cfa0ddf816bf28d1ea0d
  languageName: node
  linkType: hard

"resolve-pkg-maps@npm:^1.0.0":
  version: 1.0.0
  resolution: "resolve-pkg-maps@npm:1.0.0"
  checksum: 1012afc566b3fdb190a6309cc37ef3b2dcc35dff5fa6683a9d00cd25c3247edfbc4691b91078c97adc82a29b77a2660c30d791d65dab4fc78bfc473f60289977
  languageName: node
  linkType: hard
